{
  "name": "@cpm/template",
  "version": "1.0.0",
  "lockfileVersion": 1,
  "requires": true,
  "dependencies": {
    "@cpm/core": {
      "version": "1.0.0",
      "resolved": "http://106.75.31.59:9999/repository/npm-group/@cpm/core/-/core-1.0.0.tgz",
      "integrity": "sha512-9PyGvOuDO6VUnLjqwSvX7f1s7fgXgb6Buo4UfrvvJLFxH1TVwjztfnQ4kF6phN0+de++vBNpfABqDyAVS4d63g==",
      "dev": true
    }
  }
}
