{
  "name": "cpm-template",
  "version": "1.0.0",
  "lockfileVersion": 1,
  "requires": true,
  "dependencies": {
    "@cpm/platform": {
      "version": "file:../@cpm-platform",
      "requires": {
        "core-js": "^3.3.2",
        "register-service-worker": "^1.6.2",
        "vue": "^2.6.10",
        "vue-class-component": "^7.0.2",
        "vue-property-decorator": "^8.3.0",
        "vue-router": "^3.1.3",
        "vuex": "^3.0.1"
      }
    }
  }
}
